
Microsoft Visual Studio Solution File, Format Version 12.00
# Visual Studio 2013
VisualStudioVersion = 12.0.30501.0
MinimumVisualStudioVersion = 10.0.40219.1
Project("{FAE04EC0-301F-11D3-BF4B-00C04F79EFBC}") = "Game", "PROJECTUML\Game.csproj", "{E9C6B13B-ACBB-4B6D-AE78-E69AB14E27AF}"
EndProject
Project("{FAE04EC0-301F-11D3-BF4B-00C04F79EFBC}") = "TestCombat", "TestCombat\TestCombat.csproj", "{0B41AE47-0E02-49DA-9D7E-A8A1BCE3BC75}"
EndProject
Project("{FAE04EC0-301F-11D3-BF4B-00C04F79EFBC}") = "WPFSmallWorld", "WPFSmallWorld\WPFSmallWorld.csproj", "{1CF96672-8315-41D8-B090-8412442A4A2F}"
EndProject
Project("{8BC9CEB8-8B4A-11D0-8D11-00A0C91BC942}") = "libraryCpp", "libraryCpp\libraryCpp.vcxproj", "{8E6B2F06-6CA0-44AF-A99E-5DDDE717CC36}"
EndProject
Project("{8BC9CEB8-8B4A-11D0-8D11-00A0C91BC942}") = "WrapperCpp", "WrapperCpp\WrapperCpp.vcxproj", "{68FADBB6-5846-4F30-A76B-F5624D6301D0}"
EndProject
Global
	GlobalSection(SolutionConfigurationPlatforms) = preSolution
		Debug|Any CPU = Debug|Any CPU
		Debug|Mixed Platforms = Debug|Mixed Platforms
		Debug|Win32 = Debug|Win32
		Release|Any CPU = Release|Any CPU
		Release|Mixed Platforms = Release|Mixed Platforms
		Release|Win32 = Release|Win32
	EndGlobalSection
	GlobalSection(ProjectConfigurationPlatforms) = postSolution
		{E9C6B13B-ACBB-4B6D-AE78-E69AB14E27AF}.Debug|Any CPU.ActiveCfg = Debug|Any CPU
		{E9C6B13B-ACBB-4B6D-AE78-E69AB14E27AF}.Debug|Any CPU.Build.0 = Debug|Any CPU
		{E9C6B13B-ACBB-4B6D-AE78-E69AB14E27AF}.Debug|Mixed Platforms.ActiveCfg = Debug|Any CPU
		{E9C6B13B-ACBB-4B6D-AE78-E69AB14E27AF}.Debug|Mixed Platforms.Build.0 = Debug|Any CPU
		{E9C6B13B-ACBB-4B6D-AE78-E69AB14E27AF}.Debug|Win32.ActiveCfg = Debug|Any CPU
		{E9C6B13B-ACBB-4B6D-AE78-E69AB14E27AF}.Release|Any CPU.ActiveCfg = Release|Any CPU
		{E9C6B13B-ACBB-4B6D-AE78-E69AB14E27AF}.Release|Any CPU.Build.0 = Release|Any CPU
		{E9C6B13B-ACBB-4B6D-AE78-E69AB14E27AF}.Release|Mixed Platforms.ActiveCfg = Release|Any CPU
		{E9C6B13B-ACBB-4B6D-AE78-E69AB14E27AF}.Release|Mixed Platforms.Build.0 = Release|Any CPU
		{E9C6B13B-ACBB-4B6D-AE78-E69AB14E27AF}.Release|Win32.ActiveCfg = Release|Any CPU
		{0B41AE47-0E02-49DA-9D7E-A8A1BCE3BC75}.Debug|Any CPU.ActiveCfg = Debug|Any CPU
		{0B41AE47-0E02-49DA-9D7E-A8A1BCE3BC75}.Debug|Any CPU.Build.0 = Debug|Any CPU
		{0B41AE47-0E02-49DA-9D7E-A8A1BCE3BC75}.Debug|Mixed Platforms.ActiveCfg = Debug|Any CPU
		{0B41AE47-0E02-49DA-9D7E-A8A1BCE3BC75}.Debug|Mixed Platforms.Build.0 = Debug|Any CPU
		{0B41AE47-0E02-49DA-9D7E-A8A1BCE3BC75}.Debug|Win32.ActiveCfg = Debug|Any CPU
		{0B41AE47-0E02-49DA-9D7E-A8A1BCE3BC75}.Release|Any CPU.ActiveCfg = Release|Any CPU
		{0B41AE47-0E02-49DA-9D7E-A8A1BCE3BC75}.Release|Any CPU.Build.0 = Release|Any CPU
		{0B41AE47-0E02-49DA-9D7E-A8A1BCE3BC75}.Release|Mixed Platforms.ActiveCfg = Release|Any CPU
		{0B41AE47-0E02-49DA-9D7E-A8A1BCE3BC75}.Release|Mixed Platforms.Build.0 = Release|Any CPU
		{0B41AE47-0E02-49DA-9D7E-A8A1BCE3BC75}.Release|Win32.ActiveCfg = Release|Any CPU
		{1CF96672-8315-41D8-B090-8412442A4A2F}.Debug|Any CPU.ActiveCfg = Debug|Any CPU
		{1CF96672-8315-41D8-B090-8412442A4A2F}.Debug|Any CPU.Build.0 = Debug|Any CPU
		{1CF96672-8315-41D8-B090-8412442A4A2F}.Debug|Mixed Platforms.ActiveCfg = Debug|Any CPU
		{1CF96672-8315-41D8-B090-8412442A4A2F}.Debug|Mixed Platforms.Build.0 = Debug|Any CPU
		{1CF96672-8315-41D8-B090-8412442A4A2F}.Debug|Win32.ActiveCfg = Debug|Any CPU
		{1CF96672-8315-41D8-B090-8412442A4A2F}.Release|Any CPU.ActiveCfg = Release|Any CPU
		{1CF96672-8315-41D8-B090-8412442A4A2F}.Release|Any CPU.Build.0 = Release|Any CPU
		{1CF96672-8315-41D8-B090-8412442A4A2F}.Release|Mixed Platforms.ActiveCfg = Release|Any CPU
		{1CF96672-8315-41D8-B090-8412442A4A2F}.Release|Mixed Platforms.Build.0 = Release|Any CPU
		{1CF96672-8315-41D8-B090-8412442A4A2F}.Release|Win32.ActiveCfg = Release|Any CPU
		{8E6B2F06-6CA0-44AF-A99E-5DDDE717CC36}.Debug|Any CPU.ActiveCfg = Debug|Win32
		{8E6B2F06-6CA0-44AF-A99E-5DDDE717CC36}.Debug|Mixed Platforms.ActiveCfg = Debug|Win32
		{8E6B2F06-6CA0-44AF-A99E-5DDDE717CC36}.Debug|Mixed Platforms.Build.0 = Debug|Win32
		{8E6B2F06-6CA0-44AF-A99E-5DDDE717CC36}.Debug|Win32.ActiveCfg = Debug|Win32
		{8E6B2F06-6CA0-44AF-A99E-5DDDE717CC36}.Debug|Win32.Build.0 = Debug|Win32
		{8E6B2F06-6CA0-44AF-A99E-5DDDE717CC36}.Release|Any CPU.ActiveCfg = Release|Win32
		{8E6B2F06-6CA0-44AF-A99E-5DDDE717CC36}.Release|Mixed Platforms.ActiveCfg = Release|Win32
		{8E6B2F06-6CA0-44AF-A99E-5DDDE717CC36}.Release|Mixed Platforms.Build.0 = Release|Win32
		{8E6B2F06-6CA0-44AF-A99E-5DDDE717CC36}.Release|Win32.ActiveCfg = Release|Win32
		{8E6B2F06-6CA0-44AF-A99E-5DDDE717CC36}.Release|Win32.Build.0 = Release|Win32
		{68FADBB6-5846-4F30-A76B-F5624D6301D0}.Debug|Any CPU.ActiveCfg = Debug|Win32
		{68FADBB6-5846-4F30-A76B-F5624D6301D0}.Debug|Mixed Platforms.ActiveCfg = Debug|Win32
		{68FADBB6-5846-4F30-A76B-F5624D6301D0}.Debug|Mixed Platforms.Build.0 = Debug|Win32
		{68FADBB6-5846-4F30-A76B-F5624D6301D0}.Debug|Win32.ActiveCfg = Debug|Win32
		{68FADBB6-5846-4F30-A76B-F5624D6301D0}.Debug|Win32.Build.0 = Debug|Win32
		{68FADBB6-5846-4F30-A76B-F5624D6301D0}.Release|Any CPU.ActiveCfg = Release|Win32
		{68FADBB6-5846-4F30-A76B-F5624D6301D0}.Release|Mixed Platforms.ActiveCfg = Release|Win32
		{68FADBB6-5846-4F30-A76B-F5624D6301D0}.Release|Mixed Platforms.Build.0 = Release|Win32
		{68FADBB6-5846-4F30-A76B-F5624D6301D0}.Release|Win32.ActiveCfg = Release|Win32
		{68FADBB6-5846-4F30-A76B-F5624D6301D0}.Release|Win32.Build.0 = Release|Win32
	EndGlobalSection
	GlobalSection(SolutionProperties) = preSolution
		HideSolutionNode = FALSE
	EndGlobalSection
EndGlobal
