
Microsoft Visual Studio Solution File, Format Version 12.00
# Visual Studio 2013
VisualStudioVersion = 12.0.21005.1
MinimumVisualStudioVersion = 10.0.40219.1
Project("{FAE04EC0-301F-11D3-BF4B-00C04F79EFBC}") = "Game", "PROJECTUML\Game.csproj", "{E9C6B13B-ACBB-4B6D-AE78-E69AB14E27AF}"
EndProject
Project("{FAE04EC0-301F-11D3-BF4B-00C04F79EFBC}") = "TestCombat", "TestCombat\TestCombat.csproj", "{0B41AE47-0E02-49DA-9D7E-A8A1BCE3BC75}"
EndProject
Project("{8BC9CEB8-8B4A-11D0-8D11-00A0C91BC942}") = "codeC++Test", "ConsoleApplication1\ConsoleApplication1.vcxproj", "{A3A68F63-B958-4D5B-8B08-BC1D1456CC96}"
EndProject
Project("{FAE04EC0-301F-11D3-BF4B-00C04F79EFBC}") = "WpftestDLL", "WpfApplication1\WpftestDLL.csproj", "{551E5A39-363B-429F-91D8-49BD86F7E1E7}"
EndProject
Project("{8BC9CEB8-8B4A-11D0-8D11-00A0C91BC942}") = "Wrapper", "Wrapper\Wrapper.vcxproj", "{FD7F5568-B592-44A5-99D2-113839143D50}"
EndProject
Global
	GlobalSection(SolutionConfigurationPlatforms) = preSolution
		Debug|Any CPU = Debug|Any CPU
		Debug|Mixed Platforms = Debug|Mixed Platforms
		Debug|Win32 = Debug|Win32
		Release|Any CPU = Release|Any CPU
		Release|Mixed Platforms = Release|Mixed Platforms
		Release|Win32 = Release|Win32
	EndGlobalSection
	GlobalSection(ProjectConfigurationPlatforms) = postSolution
		{E9C6B13B-ACBB-4B6D-AE78-E69AB14E27AF}.Debug|Any CPU.ActiveCfg = Debug|Any CPU
		{E9C6B13B-ACBB-4B6D-AE78-E69AB14E27AF}.Debug|Any CPU.Build.0 = Debug|Any CPU
		{E9C6B13B-ACBB-4B6D-AE78-E69AB14E27AF}.Debug|Mixed Platforms.ActiveCfg = Debug|Any CPU
		{E9C6B13B-ACBB-4B6D-AE78-E69AB14E27AF}.Debug|Mixed Platforms.Build.0 = Debug|Any CPU
		{E9C6B13B-ACBB-4B6D-AE78-E69AB14E27AF}.Debug|Win32.ActiveCfg = Debug|Any CPU
		{E9C6B13B-ACBB-4B6D-AE78-E69AB14E27AF}.Release|Any CPU.ActiveCfg = Release|Any CPU
		{E9C6B13B-ACBB-4B6D-AE78-E69AB14E27AF}.Release|Any CPU.Build.0 = Release|Any CPU
		{E9C6B13B-ACBB-4B6D-AE78-E69AB14E27AF}.Release|Mixed Platforms.ActiveCfg = Release|Any CPU
		{E9C6B13B-ACBB-4B6D-AE78-E69AB14E27AF}.Release|Mixed Platforms.Build.0 = Release|Any CPU
		{E9C6B13B-ACBB-4B6D-AE78-E69AB14E27AF}.Release|Win32.ActiveCfg = Release|Any CPU
		{0B41AE47-0E02-49DA-9D7E-A8A1BCE3BC75}.Debug|Any CPU.ActiveCfg = Debug|Any CPU
		{0B41AE47-0E02-49DA-9D7E-A8A1BCE3BC75}.Debug|Any CPU.Build.0 = Debug|Any CPU
		{0B41AE47-0E02-49DA-9D7E-A8A1BCE3BC75}.Debug|Mixed Platforms.ActiveCfg = Debug|Any CPU
		{0B41AE47-0E02-49DA-9D7E-A8A1BCE3BC75}.Debug|Mixed Platforms.Build.0 = Debug|Any CPU
		{0B41AE47-0E02-49DA-9D7E-A8A1BCE3BC75}.Debug|Win32.ActiveCfg = Debug|Any CPU
		{0B41AE47-0E02-49DA-9D7E-A8A1BCE3BC75}.Release|Any CPU.ActiveCfg = Release|Any CPU
		{0B41AE47-0E02-49DA-9D7E-A8A1BCE3BC75}.Release|Any CPU.Build.0 = Release|Any CPU
		{0B41AE47-0E02-49DA-9D7E-A8A1BCE3BC75}.Release|Mixed Platforms.ActiveCfg = Release|Any CPU
		{0B41AE47-0E02-49DA-9D7E-A8A1BCE3BC75}.Release|Mixed Platforms.Build.0 = Release|Any CPU
		{0B41AE47-0E02-49DA-9D7E-A8A1BCE3BC75}.Release|Win32.ActiveCfg = Release|Any CPU
		{A3A68F63-B958-4D5B-8B08-BC1D1456CC96}.Debug|Any CPU.ActiveCfg = Debug|Win32
		{A3A68F63-B958-4D5B-8B08-BC1D1456CC96}.Debug|Mixed Platforms.ActiveCfg = Debug|Win32
		{A3A68F63-B958-4D5B-8B08-BC1D1456CC96}.Debug|Mixed Platforms.Build.0 = Debug|Win32
		{A3A68F63-B958-4D5B-8B08-BC1D1456CC96}.Debug|Win32.ActiveCfg = Debug|Win32
		{A3A68F63-B958-4D5B-8B08-BC1D1456CC96}.Debug|Win32.Build.0 = Debug|Win32
		{A3A68F63-B958-4D5B-8B08-BC1D1456CC96}.Release|Any CPU.ActiveCfg = Release|Win32
		{A3A68F63-B958-4D5B-8B08-BC1D1456CC96}.Release|Mixed Platforms.ActiveCfg = Release|Win32
		{A3A68F63-B958-4D5B-8B08-BC1D1456CC96}.Release|Mixed Platforms.Build.0 = Release|Win32
		{A3A68F63-B958-4D5B-8B08-BC1D1456CC96}.Release|Win32.ActiveCfg = Release|Win32
		{A3A68F63-B958-4D5B-8B08-BC1D1456CC96}.Release|Win32.Build.0 = Release|Win32
		{551E5A39-363B-429F-91D8-49BD86F7E1E7}.Debug|Any CPU.ActiveCfg = Debug|Any CPU
		{551E5A39-363B-429F-91D8-49BD86F7E1E7}.Debug|Any CPU.Build.0 = Debug|Any CPU
		{551E5A39-363B-429F-91D8-49BD86F7E1E7}.Debug|Mixed Platforms.ActiveCfg = Debug|Any CPU
		{551E5A39-363B-429F-91D8-49BD86F7E1E7}.Debug|Mixed Platforms.Build.0 = Debug|Any CPU
		{551E5A39-363B-429F-91D8-49BD86F7E1E7}.Debug|Win32.ActiveCfg = Debug|Any CPU
		{551E5A39-363B-429F-91D8-49BD86F7E1E7}.Release|Any CPU.ActiveCfg = Release|Any CPU
		{551E5A39-363B-429F-91D8-49BD86F7E1E7}.Release|Any CPU.Build.0 = Release|Any CPU
		{551E5A39-363B-429F-91D8-49BD86F7E1E7}.Release|Mixed Platforms.ActiveCfg = Release|Any CPU
		{551E5A39-363B-429F-91D8-49BD86F7E1E7}.Release|Mixed Platforms.Build.0 = Release|Any CPU
		{551E5A39-363B-429F-91D8-49BD86F7E1E7}.Release|Win32.ActiveCfg = Release|Any CPU
		{FD7F5568-B592-44A5-99D2-113839143D50}.Debug|Any CPU.ActiveCfg = Debug|Win32
		{FD7F5568-B592-44A5-99D2-113839143D50}.Debug|Mixed Platforms.ActiveCfg = Debug|Win32
		{FD7F5568-B592-44A5-99D2-113839143D50}.Debug|Mixed Platforms.Build.0 = Debug|Win32
		{FD7F5568-B592-44A5-99D2-113839143D50}.Debug|Win32.ActiveCfg = Debug|Win32
		{FD7F5568-B592-44A5-99D2-113839143D50}.Debug|Win32.Build.0 = Debug|Win32
		{FD7F5568-B592-44A5-99D2-113839143D50}.Release|Any CPU.ActiveCfg = Release|Win32
		{FD7F5568-B592-44A5-99D2-113839143D50}.Release|Mixed Platforms.ActiveCfg = Release|Win32
		{FD7F5568-B592-44A5-99D2-113839143D50}.Release|Mixed Platforms.Build.0 = Release|Win32
		{FD7F5568-B592-44A5-99D2-113839143D50}.Release|Win32.ActiveCfg = Release|Win32
		{FD7F5568-B592-44A5-99D2-113839143D50}.Release|Win32.Build.0 = Release|Win32
	EndGlobalSection
	GlobalSection(SolutionProperties) = preSolution
		HideSolutionNode = FALSE
	EndGlobalSection
EndGlobal
